YªçŠx-®éÜj×¢ëiºÚ+Š§j[h‘éÜ¢éíën5Õ:-jZ.¶›­–)Þ³W°¢&æÖR#¢'vfVFV6²"À¢'fW'6–öâ#¢#ãrã#"À¢&Æö6¶f–ÆUfW'6–öâ#¢2À¢'&WV—&W2#¢G'VRÀ¢'6¶vW2#¢°¢"#¢°¢&æÖR#¢'vfVFV6²"À¢'fW'6–öâ#¢#ãrã#"À¢&Æ–6Vç6R#¢$Ô•B"À¢&FWVæFVæ6–W2#¢°¢&F'W2ÖæW‡B#¢%ããã""À¢&×W6–2ÖÖWFFF#¢#ã’ã"À¢'7Âæ§2#¢#ã2ã"À¢'ƒ#¢%ãBãã ¢ÒÀ¢&FWdFWVæFVæ6–W2#¢°¢&VÆV7G&öâ#¢#3ãRã"À¢&VÆV7G&öâÖ'V–ÆFW"#¢##bãRã2 ¢Ð¢ÒÀ¢&æöFUöÖöGVÆW2ô&÷&Wv—B÷FW‡BÖ6öFV2#¢°¢'fW'6–öâ#¢#ã"ã""À¢'&W6öÇfVB#¢&‡GG3¢ò÷&Vv—7G'’æçÖ§2æ÷&rô&÷&Wv—B÷FW‡BÖ6öFV2òÒ÷FW‡BÖ6öFV2Óã"ã"çFw¢"À¢&–çFVw&—G’#¢'6†S"ÔDF&V‡76sç$ƒB³&†æ£#wfåTtV¥Sdô–Ç•&F´ÖCVD•Wdµ‡$¦e‡7“„ÅgE„“tE'e•fÇUv$×75&‡£&Æ5sÕÓÒ"À¢&Æ–6Vç6R#¢$Ô•B"À¢&gVæF–ær#¢°¢'G—R#¢&v—F‡V""À¢'W&Â#¢&‡GG3¢òöv—F‡V"æ6öÒ÷7öç6÷'2ô&÷&Wv—B ¢Ð¢ÒÀ¢&æöFUöÖöGVÆW2ôVÆV7G&öâö6"#¢°¢'fW'6–öâ#¢#2ãBã"À¢'&W6öÇfVB#¢&‡GG3¢ò÷&Vv—7G'’æçÖ§2æ÷&rôVÆV7G&öâö6"òÒö6"Ó2ãBãçFw¢"À¢&–çFVw&—G’#¢'6†S"Ö“B÷$å%3ƒGCe5&$†÷&W$u%…w”cGeF†d†W7sFÖ5t‡¶77³sC5Vä7TUW“†·¥“'“e”·'f$•Vãc”$4”ÓÒ"À¢&FWb#¢G'VRÀ¢&Æ–6Vç6R#¢$Ô•B"À¢&FWVæFVæ6–W2#¢°¢&6öÖÖæFW"#¢%ãRãã"À¢&vÆö"#¢%ãrããb"À¢&Ö–æ–ÖF6‚#¢%ã2ããB ¢ÒÀ¢&&–â#¢°¢&6"#¢&&–âö6"æ§2 ¢ÒÀ¢&Væv–æW2#¢°¢&æöFR#¢#ãÓã"ã ¢Ð¢ÒÀ¢&æöFUöÖöGVÆW2ôVÆV7G&öâö6"öæöFUöÖöGVÆW2ö&Ææ6VBÖÖF6‚#¢°¢'fW'6–öâ#¢#ãã""À¢'&W6öÇfVB#¢&‡GG3¢ò÷&Vv—7G'’æçÖ§2æ÷&rö&Ææ6VBÖÖF6‚òÒö&Ææ6VBÖÖF6‚Óãã"çFw¢"À¢&–çFVw&—G’#¢'6†S"Ó6õ6UTóDÕccv„ãÖ%‡4³G–SwF¦”†Æ'…$E¤÷ƒµs’´6UƒF%$ƒç‡CGƒ$×''wut–Ä•4T¦…•SUsÓÒ"À¢&FWb#¢G'VRÀ¢&Æ–6Vç6R#¢$Ô•B ¢ÒÀ¢&æöFUöÖöGVÆW2ôVÆV7G&öâö6"öæöFUöÖöGVÆW2ö'&6RÖW‡ç6–öâ#¢°¢'fW'6–öâ#¢#ãã‚"À¢'&W6öÇfVB#¢&‡GG3¢ò÷&Vv—7G'’æçÖ§2æ÷&rö'&6RÖW‡ç6–öâòÒö'&6RÖW‡ç6–öâÓãã‚çFw¢"À¢&–çFVw&—G’#¢'6†S"ÔVFWõƒ–dwdæ×¤´%g4E””÷DB·£GVW¥csÄ&¦D77C•GSsfÇ6çe&•£fõF–3â²ô$—uƒeDtó“EãDã%4GgGsÓÒ"À¢&FWb#¢G'VRÀ¢&Æ–6Vç6R#¢$Ô•B"À¢&FWVæFVæ6–W2#¢°¢&&Ææ6VBÖÖF6‚#¢%ããã"À¢&6öæ6BÖÖ#¢#ãã ¢Ð¢ÒÀ¢&æöFUöÖöGVÆW2ôVÆV7G&öâö6"öæöFUöÖöGVÆW2öÖ–æ–ÖF6‚#¢°¢'fW'6–öâ#¢#2ããR"À¢'&W6öÇfVB#¢&‡GG3¢ò÷&Vv—7G'’æçÖ§2æ÷&röÖ–æ–ÖF6‚òÒöÖ–æ–ÖF6‚Ó2ããRçFw¢"À¢&–çFVw&—G’#¢'6†S"Õfv¥uW6æåCfâ´åV³fU§sw¦TfGs$ÅtG¥g¤dw$6$…†•”çVÃTG§³$„…WTdƒ$DåsU†'‚¶¥g¦TçC“G74TVÃGsÓÒ"À¢&FWb#¢G'VRÀ¢&Æ–6Vç6R#¢$•42"À¢&FWVæFVæ6–W2#¢°¢&'&6RÖW‡ç6–öâ#¢%ãããr ¢ÒÀ¢&Væv–æW2#¢°¢&æöFR#¢"¢ ¢Ð¢ÒÀ¢&æöFUöÖöGVÆW2ôVÆV7G&öâögW6W2#¢°¢'fW'6–öâ#¢#ã‚ã"À¢'&W6öÇfVB#¢&‡GG3¢ò÷&Vv—7G'’æçÖ§2æ÷&rôVÆV7G&öâögW6W2òÒögW6W2Óã‚ãçFw¢"À¢&–çFVw&—G’#¢'6†S"×§ƒT—s…vÅ’öÄ&#U†Ç¦•¦ÔE¤“GV&45„”Ô£GTv¥‡¥¥så3•F¥5U…§§¥FÔµÄ¥U¦Ó6&Õ¦…µwGU74WsÓÒ"À¢&FWb#¢G'VRÀ¢&Æ–6Vç6R#¢$Ô•B"À¢&FWVæFVæ6–W2#¢°¢´ã]m¢G§²ÚîÆ­yÖÇ4’ö´dWƒvtÇf&V63öö„ÄsSgVu‡'”‡¤ÕGUs—e6t£…•t¶æ‡5Wƒvö–S4s“‚·#SfE•T#F¶‡CC%#4§dÓÒ"À¢&Æ–6Vç6R#¢$Ô•B"À¢&Væv–æW2#¢°¢&æöFR#¢#ãÓBã ¢Ð¢ÒÀ¢&æöFUöÖöGVÆW2÷†ÖÆ'V–ÆFW"#¢°¢'fW'6–öâ#¢#Rãã"À¢'&W6öÇfVB#¢&‡GG3¢ò÷&Vv—7G'’æçÖ§2æ÷&r÷†ÖÆ'V–ÆFW"òÒ÷†ÖÆ'V–ÆFW"ÓRããçFw¢"À¢&–çFVw&—G’#¢'6†S"×”×t'E‡–TãS5Du—ftætEe£6£ƒEsF7v´õ…7vv†öÃdu¥vfc–Ææ'dãtÔ…”¤ö•‡7du‡F¥E”¤V”3”£'wc”VsÓÒ"À¢&FWb#¢G'VRÀ¢&Æ–6Vç6R#¢$Ô•B"À¢&Væv–æW2#¢°¢&æöFR#¢#ãÓ‚ã ¢Ð¢ÒÀ¢&æöFUöÖöGVÆW2÷“†â#¢°¢'fW'6–öâ#¢#Rãã‚"À¢'&W6öÇfVB#¢&‡GG3¢ò÷&Vv—7G'’æçÖ§2æ÷&r÷“†âòÒ÷“†âÓRãã‚çFw¢"À¢&–çFVw&—G’#¢'6†S"Ódg¦VvTEt¤„¤”ÕDÅ%$Gt†¦DcW3v¦ó—GW§FE„„”ä6Ge2³6ät”çC‡¥"óÆ„åU3bò³u46#“…”ödÓÒ"À¢&FWb#¢G'VRÀ¢&Æ–6Vç6R#¢$•42"À¢&Væv–æW2#¢°¢&æöFR#¢#ãÓ ¢Ð¢ÒÀ¢&æöFUöÖöGVÆW2÷–ÆÆ—7B#¢°¢'fW'6–öâ#¢#Bãã"À¢'&W6öÇfVB#¢&‡GG3¢ò÷&Vv—7G'’æçÖ§2æ÷&r÷–ÆÆ—7BòÒ÷–ÆÆ—7BÓBããçFw¢"À¢&–çFVw&—G’#¢'6†S"Ó7vDv–E§—U#ƒE„ÄU3UGõ5$7v¥„Ä•tÖ‡VÓ&µ&7bóC6ã&VÕG–5sGU¥„ÆV§t·fsdW7f&FÅdÂ´e”V7CtÓÒ"À¢&FWd÷F–öæÂ#¢G'VRÀ¢&Æ–6Vç6R#¢$•42 ¢ÒÀ¢&æöFUöÖöGVÆW2÷–&w2#¢°¢'fW'6–öâ#¢#rãrã2"À¢'&W6öÇfVB#¢&‡GG3¢ò÷&Vv—7G'’æçÖ§2æ÷&r÷–&w2òÒ÷–&w2Órãrã2çFw¢"À¢&–çFVw&—G’#¢'6†S"Ôu§F§†Òô¢óEE7‡TÃ4då–¤6ÔÆ·D%Fä—r÷%fÔµ4—”¶U”§Ô¤#&–s•fT43W‡6ƒ$täµd´Döã4µg¤çC¦×%SsÓÒ"À¢&FWb#¢G'VRÀ¢&Æ–6Vç6R#¢$Ô•B"À¢&FWVæFVæ6–W2#¢°¢&6Æ—V’#¢%ã‚ãã"À¢&W66ÆFR#¢%ã2ãã"À¢&vWBÖ6ÆÆW"Öf–ÆR#¢%ã"ããR"À¢'&WV—&RÖF—&V7F÷'’#¢%ã"ãã"À¢'7G&–ær×v–GF‚#¢%ãBã"ã2"À¢'“†â#¢%ãRããR"À¢'–&w2×'6W"#¢%ã#ãã ¢ÒÀ¢&Væv–æW2#¢°¢&æöFR#¢#ãÓ" ¢Ð¢ÒÀ¢&æöFUöÖöGVÆW2÷–&w2×'6W"#¢°¢'fW'6–öâ#¢##ãã"À¢'&W6öÇfVB#¢&‡GG3¢ò÷&Vv—7G'’æçÖ§2æ÷&r÷–&w2×'6W"òÒ÷–&w2×'6W"Ó#ããçFw¢"À¢&–çFVw&—G’#¢'6†S"×Eg4¥stFF¦V4”g$”#S7„•4Sdæõ3RöUFG&&$”3FƒÅg5v†æö6r¶Ó$†6Ä$—V¤‡§7…£Ed¥d´uWV3"ôÄ'sÓÒ"À¢&FWb#¢G'VRÀ¢&Æ–6Vç6R#¢$•42"À¢&Væv–æW2#¢°¢&æöFR#¢#ãÓ" ¢Ð¢ÒÀ¢&æöFUöÖöGVÆW2÷–W¦Â#¢°¢'fW'6–öâ#¢#"ãã"À¢'&W6öÇfVB#¢&‡GG3¢ò÷&Vv—7G'’æçÖ§2æ÷&r÷–W¦ÂòÒ÷–W¦ÂÓ"ããçFw¢"À¢&–çFVw&—G’#¢'6†S"×F”“eƒfçSd–†ôvÔ'6$§“ÖÄ3F£#wdU¥ƒ”cDÃB÷e¥C4Ç—f´d‡rõbõV4#”'Vò´Ds6”†µCƒ5–S‡¦36sÓÒ"À¢&FWb#¢G'VRÀ¢&Æ–6Vç6R#¢$Ô•B"À¢&FWVæFVæ6–W2#¢°¢&'VffW"Ö7&33"#¢'ãã"ã2"À¢&fB×6Æ–6W"#¢'ããã ¢Ð¢ÒÀ¢&æöFUöÖöGVÆW2÷–ö7Fò×VWVR#¢°¢'fW'6–öâ#¢#ãã"À¢'&W6öÇfVB#¢&‡GG3¢ò÷&Vv—7G'’æçÖ§2æ÷&r÷–ö7Fò×VWVRòÒ÷–ö7Fò×VWVRÓããçFw¢"À¢&–çFVw&—G’#¢'6†S"×%f·7g6ää6D¢öö„v3g†uw”ã†V†T7‡6”ÄÓ†×‡TR÷BöÔõg¦WuTóÖ”ÇD…•&uD´4ÆW„ÃDÖTefwG3t†Ôå£%ÓÒ"À¢&FWb#¢G'VRÀ¢&Æ–6Vç6R#¢$Ô•B"À¢&Væv–æW2#¢°¢&æöFR#¢#ãÓ ¢ÒÀ¢&gVæF–ær#¢°¢'W&Â#¢&‡GG3¢òöv—F‡V"æ6öÒ÷7öç6÷'2÷6–æG&W6÷&‡W2 ¢Ð¢Ð¢Ð§Ð